// !$*UTF8*$!
{
	archiveVersion = 1;
	classes = {
	};
	objectVersion = 56;
	objects = {

/* Begin PBXBuildFile section */
		881E23FB28E70BE700C0B1BC /* AppDelegate.swift in Sources */ = {isa = PBXBuildFile; fileRef = 881E23FA28E70BE700C0B1BC /* AppDelegate.swift */; };
		881E23FD28E70BE700C0B1BC /* SceneDelegate.swift in Sources */ = {isa = PBXBuildFile; fileRef = 881E23FC28E70BE700C0B1BC /* SceneDelegate.swift */; };
		881E23FF28E70BE700C0B1BC /* ViewController.swift in Sources */ = {isa = PBXBuildFile; fileRef = 881E23FE28E70BE700C0B1BC /* ViewController.swift */; };
		881E240228E70BE700C0B1BC /* Main.storyboard in Resources */ = {isa = PBXBuildFile; fileRef = 881E240028E70BE700C0B1BC /* Main.storyboard */; };
		881E240428E70BE800C0B1BC /* Assets.xcassets in Resources */ = {isa = PBXBuildFile; fileRef = 881E240328E70BE800C0B1BC /* Assets.xcassets */; };
		881E240728E70BE800C0B1BC /* LaunchScreen.storyboard in Resources */ = {isa = PBXBuildFile; fileRef = 881E240528E70BE800C0B1BC /* LaunchScreen.storyboard */; };
		8836812928E9701600A7F728 /* MixpanelWithFrameworkDemo.xcframework in Frameworks */ = {isa = PBXBuildFile; fileRef = 88B948C128E96F1F00CB0422 /* MixpanelWithFrameworkDemo.xcframework */; };
		8836812A28E9701600A7F728 /* MixpanelWithFrameworkDemo.xcframework in Embed Frameworks */ = {isa = PBXBuildFile; fileRef = 88B948C128E96F1F00CB0422 /* MixpanelWithFrameworkDemo.xcframework */; settings = {ATTRIBUTES = (CodeSignOnCopy, RemoveHeadersOnCopy, ); }; };
		88F9485D28E95EAE00725A73 /* Pods_DemoMPApp.framework in Frameworks */ = {isa = PBXBuildFile; fileRef = D3E0FE728E158047C304B62E /* Pods_DemoMPApp.framework */; };
/* End PBXBuildFile section */

/* Begin PBXCopyFilesBuildPhase section */
		8836812B28E9701600A7F728 /* Embed Frameworks */ = {
			isa = PBXCopyFilesBuildPhase;
			buildActionMask = 2147483647;
			dstPath = "";
			dstSubfolderSpec = 10;
			files = (
				8836812A28E9701600A7F728 /* MixpanelWithFrameworkDemo.xcframework in Embed Frameworks */,
			);
			name = "Embed Frameworks";
			runOnlyForDeploymentPostprocessing = 0;
		};
/* End PBXCopyFilesBuildPhase section */

/* Begin PBXFileReference section */
		7B8BA35F26468A8102892059 /* Pods-DemoMPApp.release.xcconfig */ = {isa = PBXFileReference; includeInIndex = 1; lastKnownFileType = text.xcconfig; name = "Pods-DemoMPApp.release.xcconfig"; path = "Target Support Files/Pods-DemoMPApp/Pods-DemoMPApp.release.xcconfig"; sourceTree = "<group>"; };
		881E23F728E70BE700C0B1BC /* DemoMPApp.app */ = {isa = PBXFileReference; explicitFileType = wrapper.application; includeInIndex = 0; path = DemoMPApp.app; sourceTree = BUILT_PRODUCTS_DIR; };
		881E23FA28E70BE700C0B1BC /* AppDelegate.swift */ = {isa = PBXFileReference; lastKnownFileType = sourcecode.swift; path = AppDelegate.swift; sourceTree = "<group>"; };
		881E23FC28E70BE700C0B1BC /* SceneDelegate.swift */ = {isa = PBXFileReference; lastKnownFileType = sourcecode.swift; path = SceneDelegate.swift; sourceTree = "<group>"; };
		881E23FE28E70BE700C0B1BC /* ViewController.swift */ = {isa = PBXFileReference; lastKnownFileType = sourcecode.swift; path = ViewController.swift; sourceTree = "<group>"; };
		881E240128E70BE700C0B1BC /* Base */ = {isa = PBXFileReference; lastKnownFileType = file.storyboard; name = Base; path = Base.lproj/Main.storyboard; sourceTree = "<group>"; };
		881E240328E70BE800C0B1BC /* Assets.xcassets */ = {isa = PBXFileReference; lastKnownFileType = folder.assetcatalog; path = Assets.xcassets; sourceTree = "<group>"; };
		881E240628E70BE800C0B1BC /* Base */ = {isa = PBXFileReference; lastKnownFileType = file.storyboard; name = Base; path = Base.lproj/LaunchScreen.storyboard; sourceTree = "<group>"; };
		881E240828E70BE800C0B1BC /* Info.plist */ = {isa = PBXFileReference; lastKnownFileType = text.plist.xml; path = Info.plist; sourceTree = "<group>"; };
		88B948C128E96F1F00CB0422 /* MixpanelWithFrameworkDemo.xcframework */ = {isa = PBXFileReference; lastKnownFileType = wrapper.xcframework; path = MixpanelWithFrameworkDemo.xcframework; sourceTree = "<group>"; };
		8BD6442816A8269F2D418472 /* Pods-DemoMPApp.debug.xcconfig */ = {isa = PBXFileReference; includeInIndex = 1; lastKnownFileType = text.xcconfig; name = "Pods-DemoMPApp.debug.xcconfig"; path = "Target Support Files/Pods-DemoMPApp/Pods-DemoMPApp.debug.xcconfig"; sourceTree = "<group>"; };
		D3E0FE728E158047C304B62E /* Pods_DemoMPApp.framework */ = {isa = PBXFileReference; explicitFileType = wrapper.framework; includeInIndex = 0; path = Pods_DemoMPApp.framework; sourceTree = BUILT_PRODUCTS_DIR; };
/* End PBXFileReference section */

/* Begin PBXFrameworksBuildPhase section */
		881E23F428E70BE700C0B1BC /* Frameworks */ = {
			isa = PBXFrameworksBuildPhase;
			buildActionMask = 2147483647;
			files = (
				88F9485D28E95EAE00725A73 /* Pods_DemoMPApp.framework in Frameworks */,
				8836812928E9701600A7F728 /* MixpanelWithFrameworkDemo.xcframework in Frameworks */,
			);
			runOnlyForDeploymentPostprocessing = 0;
		};
/* End PBXFrameworksBuildPhase section */

/* Begin PBXGroup section */
		48A68C31C8DF15E91AEBF855 /* Pods */ = {
			isa = PBXGroup;
			children = (
				8BD6442816A8269F2D418472 /* Pods-DemoMPApp.debug.xcconfig */,
				7B8BA35F26468A8102892059 /* Pods-DemoMPApp.release.xcconfig */,
			);
			path = Pods;
			sourceTree = "<group>";
		};
		881E23EE28E70BE700C0B1BC = {
			isa = PBXGroup;
			children = (
				88B948C128E96F1F00CB0422 /* MixpanelWithFrameworkDemo.xcframework */,
				881E23F928E70BE700C0B1BC /* DemoMPApp */,
				881E23F828E70BE700C0B1BC /* Products */,
				48A68C31C8DF15E91AEBF855 /* Pods */,
				D7392CA8777567DE3CF7AF7E /* Frameworks */,
			);
			sourceTree = "<group>";
		};
		881E23F828E70BE700C0B1BC /* Products */ = {
			isa = PBXGroup;
			children = (
				881E23F728E70BE700C0B1BC /* DemoMPApp.app */,
			);
			name = Products;
			sourceTree = "<group>";
		};
		881E23F928E70BE700C0B1BC /* DemoMPApp */ = {
			isa = PBXGroup;
			children = (
				881E23FA28E70BE700C0B1BC /* AppDelegate.swift */,
				881E23FC28E70BE700C0B1BC /* SceneDelegate.swift */,
				881E23FE28E70BE700C0B1BC /* ViewController.swift */,
				881E240028E70BE700C0B1BC /* Main.storyboard */,
				881E240328E70BE800C0B1BC /* Assets.xcassets */,
				881E240528E70BE800C0B1BC /* LaunchScreen.storyboard */,
				881E240828E70BE800C0B1BC /* Info.plist */,
			);
			path = DemoMPApp;
			sourceTree = "<group>";
		};
		D7392CA8777567DE3CF7AF7E /* Frameworks */ = {
			isa = PBXGroup;
			children = (
				D3E0FE728E158047C304B62E /* Pods_DemoMPApp.framework */,
			);
			name = Frameworks;
			sourceTree = "<group>";
		};
/* End PBXGroup section */

/* Begin PBXNativeTarget section */
		881E23F628E70BE700C0B1BC /* DemoMPApp */ = {
			isa = PBXNativeTarget;
			buildConfigurationList = 881E240B28E70BE800C0B1BC /* Build configuration list for PBXNativeTarget "DemoMPApp" */;
			buildPhases = (
				952972355D4FA989ECDBBB5C /* [CP] Check Pods Manifest.lock */,
				881E23F328E70BE700C0B1BC /* Sources */,
				881E23F428E70BE700C0B1BC /* Frameworks */,
				881E23F528E70BE700C0B1BC /* Resources */,
				8EE7F82CAC734C19BFE791CC /* [CP] Embed Pods Frameworks */,
				8836812B28E9701600A7F728 /* Embed Frameworks */,
			);
			buildRules = (
			);
			dependencies = (
			);
			name = DemoMPApp;
			productName = DemoMPApp;
			productReference = 881E23F728E70BE700C0B1BC /* DemoMPApp.app */;
			productType = "com.apple.product-type.application";
		};
/* End PBXNativeTarget section */

/* Begin PBXProject section */
		881E23EF28E70BE700C0B1BC /* Project object */ = {
			isa = PBXProject;
			attributes = {
				BuildIndependentTargetsInParallel = 1;
				LastSwiftUpdateCheck = 1400;
				LastUpgradeCheck = 1400;
				TargetAttributes = {
					881E23F628E70BE700C0B1BC = {
						CreatedOnToolsVersion = 14.0.1;
					};
				};
			};
			buildConfigurationList = 881E23F228E70BE700C0B1BC /* Build configuration list for PBXProject "DemoMPApp" */;
			compatibilityVersion = "Xcode 14.0";
			developmentRegion = en;
			hasScannedForEncodings = 0;
			knownRegions = (
				en,
				Base,
			);
			mainGroup = 881E23EE28E70BE700C0B1BC;
			productRefGroup = 881E23F828E70BE700C0B1BC /* Products */;
			projectDirPath = "";
			projectRoot = "";
			targets = (
				881E23F628E70BE700C0B1BC /* DemoMPApp */,
			);
		};
/* End PBXProject section */

/* Begin PBXResourcesBuildPhase section */
		881E23F528E70BE700C0B1BC /* Resources */ = {
			isa = PBXResourcesBuildPhase;
			buildActionMask = 2147483647;
			files = (
				881E240728E70BE800C0B1BC /* LaunchScreen.storyboard in Resources */,
				881E240428E70BE800C0B1BC /* Assets.xcassets in Resources */,
				881E240228E70BE700C0B1BC /* Main.storyboard in Resources */,
			);
			runOnlyForDeploymentPostprocessing = 0;
		};
/* End PBXResourcesBuildPhase section */

/* Begin PBXShellScriptBuildPhase section */
		8EE7F82CAC734C19BFE791CC /* [CP] Embed Pods Frameworks */ = {
			isa = PBXShellScriptBuildPhase;
			buildActionMask = 2147483647;
			files = (
			);
			inputFileListPaths = (
				"${PODS_ROOT}/Target Support Files/Pods-DemoMPApp/Pods-DemoMPApp-frameworks-${CONFIGURATION}-input-files.xcfilelist",
			);
			name = "[CP] Embed Pods Frameworks";
			outputFileListPaths = (
				"${PODS_ROOT}/Target Support Files/Pods-DemoMPApp/Pods-DemoMPApp-frameworks-${CONFIGURATION}-output-files.xcfilelist",
			);
			runOnlyForDeploymentPostprocessing = 0;
			shellPath = /bin/sh;
			shellScript = "\"${PODS_ROOT}/Target Support Files/Pods-DemoMPApp/Pods-DemoMPApp-frameworks.sh\"\n";
			showEnvVarsInLog = 0;
		};
		952972355D4FA989ECDBBB5C /* [CP] Check Pods Manifest.lock */ = {
			isa = PBXShellScriptBuildPhase;
			buildActionMask = 2147483647;
			files = (
			);
			inputFileListPaths = (
			);
			inputPaths = (
				"${PODS_PODFILE_DIR_PATH}/Podfile.lock",
				"${PODS_ROOT}/Manifest.lock",
			);
			name = "[CP] Check Pods Manifest.lock";
			outputFileListPaths = (
			);
			outputPaths = (
				"$(DERIVED_FILE_DIR)/Pods-DemoMPApp-checkManifestLockResult.txt",
			);
			runOnlyForDeploymentPostprocessing = 0;
			shellPath = /bin/sh;
			shellScript = "diff \"${PODS_PODFILE_DIR_PATH}/Podfile.lock\" \"${PODS_ROOT}/Manifest.lock\" > /dev/null\nif [ $? != 0 ] ; then\n    # print error to STDERR\n    echo \"error: The sandbox is not in sync with the Podfile.lock. Run 'pod install' or update your CocoaPods installation.\" >&2\n    exit 1\nfi\n# This output is used by Xcode 'outputs' to avoid re-running this script phase.\necho \"SUCCESS\" > \"${SCRIPT_OUTPUT_FILE_0}\"\n";
			showEnvVarsInLog = 0;
		};
/* End PBXShellScriptBuildPhase section */

/* Begin PBXSourcesBuildPhase section */
		881E23F328E70BE700C0B1BC /* Sources */ = {
			isa = PBXSourcesBuildPhase;
			buildActionMask = 2147483647;
			files = (
				881E23FF28E70BE700C0B1BC /* ViewController.swift in Sources */,
				881E23FB28E70BE700C0B1BC /* AppDelegate.swift in Sources */,
				881E23FD28E70BE700C0B1BC /* SceneDelegate.swift in Sources */,
			);
			runOnlyForDeploymentPostprocessing = 0;
		};
/* End PBXSourcesBuildPhase section */

/* Begin PBXVariantGroup section */
		881E240028E70BE700C0B1BC /* Main.storyboard */ = {
			isa = PBXVariantGroup;
			children = (
				881E240128E70BE700C0B1BC /* Base */,
			);
			name = Main.storyboard;
			sourceTree = "<group>";
		};
		881E240528E70BE800C0B1BC /* LaunchScreen.storyboard */ = {
			isa = PBXVariantGroup;
			children = (
				881E240628E70BE800C0B1BC /* Base */,
			);
			name = LaunchScreen.storyboard;
			sourceTree = "<group>";
		};
/* End PBXVariantGroup section */

/* Begin XCBuildConfiguration section */
		881E240928E70BE800C0B1BC /* Debug */ = {
			isa = XCBuildConfiguration;
			buildSettings = {
				ALWAYS_SEARCH_USER_PATHS = NO;
				CLANG_ANALYZER_NONNULL = YES;
				CLANG_ANALYZER_NUMBER_OBJECT_CONVERSION = YES_AGGRESSIVE;
				CLANG_CXX_LANGUAGE_STANDARD = "gnu++20";
				CLANG_ENABLE_MODULES = YES;
				CLANG_ENABLE_OBJC_ARC = YES;
				CLANG_ENABLE_OBJC_WEAK = YES;
				CLANG_WARN_BLOCK_CAPTURE_AUTORELEASING = YES;
				CLANG_WARN_BOOL_CONVERSION = YES;
				CLANG_WARN_COMMA = YES;
				CLANG_WARN_CONSTANT_CONVERSION = YES;
				CLANG_WARN_DEPRECATED_OBJC_IMPLEMENTATIONS = YES;
				CLANG_WARN_DIRECT_OBJC_ISA_USAGE = YES_ERROR;
				CLANG_WARN_DOCUMENTATION_COMMENTS = YES;
				CLANG_WARN_EMPTY_BODY = YES;
				CLANG_WARN_ENUM_CONVERSION = YES;
				CLANG_WARN_INFINITE_RECURSION = YES;
				CLANG_WARN_INT_CONVERSION = YES;
				CLANG_WARN_NON_LITERAL_NULL_CONVERSION = YES;
				CLANG_WARN_OBJC_IMPLICIT_RETAIN_SELF = YES;
				CLANG_WARN_OBJC_LITERAL_CONVERSION = YES;
				CLANG_WARN_OBJC_ROOT_CLASS = YES_ERROR;
				CLANG_WARN_QUOTED_INCLUDE_IN_FRAMEWORK_HEADER = YES;
				CLANG_WARN_RANGE_LOOP_ANALYSIS = YES;
				CLANG_WARN_STRICT_PROTOTYPES = YES;
				CLANG_WARN_SUSPICIOUS_MOVE = YES;
				CLANG_WARN_UNGUARDED_AVAILABILITY = YES_AGGRESSIVE;
				CLANG_WARN_UNREACHABLE_CODE = YES;
				CLANG_WARN__DUPLICATE_METHOD_MATCH = YES;
				COPY_PHASE_STRIP = NO;
				DEBUG_INFORMATION_FORMAT = dwarf;
				ENABLE_STRICT_OBJC_MSGSEND = YES;
				ENABLE_TESTABILITY = YES;
				GCC_C_LANGUAGE_STANDARD = gnu11;
				GCC_DYNAMIC_NO_PIC = NO;
				GCC_NO_COMMON_BLOCKS = YES;
				GCC_OPTIMIZATION_LEVEL = 0;
				GCC_PREPROCESSOR_DEFINITIONS = (
					"DEBUG=1",
					"$(inherited)",
				);
				GCC_WARN_64_TO_32_BIT_CONVERSION = YES;
				GCC_WARN_ABOUT_RETURN_TYPE = YES_ERROR;
				GCC_WARN_UNDECLARED_SELECTOR = YES;
				GCC_WARN_UNINITIALIZED_AUTOS = YES_AGGRESSIVE;
				GCC_WARN_UNUSED_FUNCTION = YES;
				GCC_WARN_UNUSED_VARIABLE = YES;
				IPHONEOS_DEPLOYMENT_TARGET = 16.0;
				MTL_ENABLE_DEBUG_INFO = INCLUDE_SOURCE;
				MTL_FAST_MATH = YES;
				ONLY_ACTIVE_ARCH = YES;
				SDKROOT = iphoneos;
				SWIFT_ACTIVE_COMPILATION_CONDITIONS = DEBUG;
				SWIFT_OPTIMIZATION_LEVEL = "-Onone";
			};
			name = Debug;
		};
		881E240A28E70BE800C0B1BC /* Release */ = {
			isa = XCBuildConfiguration;
			buildSettings = {
				ALWAYS_SEARCH_USER_PATHS = NO;
				CLANG_ANALYZER_NONNULL = YES;
				CLANG_ANALYZER_NUMBER_OBJECT_CONVERSION = YES_AGGRESSIVE;
				CLANG_CXX_LANGUAGE_STANDARD = "gnu++20";
				CLANG_ENABLE_MODULES = YES;
				CLANG_ENABLE_OBJC_ARC = YES;
				CLANG_ENABLE_OBJC_WEAK = YES;
				CLANG_WARN_BLOCK_CAPTURE_AUTORELEASING = YES;
				CLANG_WARN_BOOL_CONVERSION = YES;
				CLANG_WARN_COMMA = YES;
				CLANG_WARN_CONSTANT_CONVERSION = YES;
				CLANG_WARN_DEPRECATED_OBJC_IMPLEMENTATIONS = YES;
				CLANG_WARN_DIRECT_OBJC_ISA_USAGE = YES_ERROR;
				CLANG_WARN_DOCUMENTATION_COMMENTS = YES;
				CLANG_WARN_EMPTY_BODY = YES;
				CLANG_WARN_ENUM_CONVERSION = YES;
				CLANG_WARN_INFINITE_RECURSION = YES;
				CLANG_WARN_INT_CONVERSION = YES;
				CLANG_WARN_NON_LITERAL_NULL_CONVERSION = YES;
				CLANG_WARN_OBJC_IMPLICIT_RETAIN_SELF = YES;
				CLANG_WARN_OBJC_LITERAL_CONVERSION = YES;
				CLANG_WARN_OBJC_ROOT_CLASS = YES_ERROR;
				CLANG_WARN_QUOTED_INCLUDE_IN_FRAMEWORK_HEADER = YES;
				CLANG_WARN_RANGE_LOOP_ANALYSIS = YES;
				CLANG_WARN_STRICT_PROTOTYPES = YES;
				CLANG_WARN_SUSPICIOUS_MOVE = YES;
				CLANG_WARN_UNGUARDED_AVAILABILITY = YES_AGGRESSIVE;
				CLANG_WARN_UNREACHABLE_CODE = YES;
				CLANG_WARN__DUPLICATE_METHOD_MATCH = YES;
				COPY_PHASE_STRIP = NO;
				DEBUG_INFORMATION_FORMAT = "dwarf-with-dsym";
				ENABLE_NS_ASSERTIONS = NO;
				ENABLE_STRICT_OBJC_MSGSEND = YES;
				GCC_C_LANGUAGE_STANDARD = gnu11;
				GCC_NO_COMMON_BLOCKS = YES;
				GCC_WARN_64_TO_32_BIT_CONVERSION = YES;
				GCC_WARN_ABOUT_RETURN_TYPE = YES_ERROR;
				GCC_WARN_UNDECLARED_SELECTOR = YES;
				GCC_WARN_UNINITIALIZED_AUTOS = YES_AGGRESSIVE;
				GCC_WARN_UNUSED_FUNCTION = YES;
				GCC_WARN_UNUSED_VARIABLE = YES;
				IPHONEOS_DEPLOYMENT_TARGET = 16.0;
				MTL_ENABLE_DEBUG_INFO = NO;
				MTL_FAST_MATH = YES;
				SDKROOT = iphoneos;
				SWIFT_COMPILATION_MODE = wholemodule;
				SWIFT_OPTIMIZATION_LEVEL = "-O";
				VALIDATE_PRODUCT = YES;
			};
			name = Release;
		};
		881E240C28E70BE800C0B1BC /* Debug */ = {
			isa = XCBuildConfiguration;
			baseConfigurationReference = 8BD6442816A8269F2D418472 /* Pods-DemoMPApp.debug.xcconfig */;
			buildSettings = {
				ASSETCATALOG_COMPILER_APPICON_NAME = AppIcon;
				ASSETCATALOG_COMPILER_GLOBAL_ACCENT_COLOR_NAME = AccentColor;
				CODE_SIGN_STYLE = Automatic;
				CURRENT_PROJECT_VERSION = 1;
				DEVELOPMENT_TEAM = BFHF2F2UCF;
				GENERATE_INFOPLIST_FILE = YES;
				INFOPLIST_FILE = DemoMPApp/Info.plist;
				INFOPLIST_KEY_UIApplicationSupportsIndirectInputEvents = YES;
				INFOPLIST_KEY_UILaunchStoryboardName = LaunchScreen;
				INFOPLIST_KEY_UIMainStoryboardFile = Main;
				INFOPLIST_KEY_UISupportedInterfaceOrientations_iPad = "UIInterfaceOrientationPortrait UIInterfaceOrientationPortraitUpsideDown UIInterfaceOrientationLandscapeLeft UIInterfaceOrientationLandscapeRight";
				INFOPLIST_KEY_UISupportedInterfaceOrientations_iPhone = "UIInterfaceOrientationPortrait UIInterfaceOrientationLandscapeLeft UIInterfaceOrientationLandscapeRight";
				IPHONEOS_DEPLOYMENT_TARGET = 15.0;
				LD_RUNPATH_SEARCH_PATHS = (
					"$(inherited)",
					"@loader_path/Frameworks",
					"@executable_path/Frameworks",
					"$(BUILT_PRODUCTS_DIR)/MixpanelWithFrameworkDemo",
				);
				MARKETING_VERSION = 1.0;
				PRODUCT_BUNDLE_IDENTIFIER = com.smallcase.DemoMPApp;
				PRODUCT_NAME = "$(TARGET_NAME)";
				SWIFT_EMIT_LOC_STRINGS = YES;
				SWIFT_VERSION = 5.0;
				TARGETED_DEVICE_FAMILY = "1,2";
			};
			name = Debug;
		};
		881E240D28E70BE800C0B1BC /* Release */ = {
			isa = XCBuildConfiguration;
			baseConfigurationReference = 7B8BA35F26468A8102892059 /* Pods-DemoMPApp.release.xcconfig */;
			buildSettings = {
				ASSETCATALOG_COMPILER_APPICON_NAME = AppIcon;
				ASSETCATALOG_COMPILER_GLOBAL_ACCENT_COLOR_NAME = AccentColor;
				CODE_SIGN_STYLE = Automatic;
				CURRENT_PROJECT_VERSION = 1;
				DEVELOPMENT_TEAM = BFHF2F2UCF;
				GENERATE_INFOPLIST_FILE = YES;
				INFOPLIST_FILE = DemoMPApp/Info.plist;
				INFOPLIST_KEY_UIApplicationSupportsIndirectInputEvents = YES;
				INFOPLIST_KEY_UILaunchStoryboardName = LaunchScreen;
				INFOPLIST_KEY_UIMainStoryboardFile = Main;
				INFOPLIST_KEY_UISupportedInterfaceOrientations_iPad = "UIInterfaceOrientationPortrait UIInterfaceOrientationPortraitUpsideDown UIInterfaceOrientationLandscapeLeft UIInterfaceOrientationLandscapeRight";
				INFOPLIST_KEY_UISupportedInterfaceOrientations_iPhone = "UIInterfaceOrientationPortrait UIInterfaceOrientationLandscapeLeft UIInterfaceOrientationLandscapeRight";
				IPHONEOS_DEPLOYMENT_TARGET = 15.0;
				LD_RUNPATH_SEARCH_PATHS = (
					"$(inherited)",
					"@loader_path/Frameworks",
					"@executable_path/Frameworks",
					"$(BUILT_PRODUCTS_DIR)/MixpanelWithFrameworkDemo",
				);
				MARKETING_VERSION = 1.0;
				PRODUCT_BUNDLE_IDENTIFIER = com.smallcase.DemoMPApp;
				PRODUCT_NAME = "$(TARGET_NAME)";
				SWIFT_EMIT_LOC_STRINGS = YES;
				SWIFT_VERSION = 5.0;
				TARGETED_DEVICE_FAMILY = "1,2";
			};
			name = Release;
		};
/* End XCBuildConfiguration section */

/* Begin XCConfigurationList section */
		881E23F228E70BE700C0B1BC /* Build configuration list for PBXProject "DemoMPApp" */ = {
			isa = XCConfigurationList;
			buildConfigurations = (
				881E240928E70BE800C0B1BC /* Debug */,
				881E240A28E70BE800C0B1BC /* Release */,
			);
			defaultConfigurationIsVisible = 0;
			defaultConfigurationName = Release;
		};
		881E240B28E70BE800C0B1BC /* Build configuration list for PBXNativeTarget "DemoMPApp" */ = {
			isa = XCConfigurationList;
			buildConfigurations = (
				881E240C28E70BE800C0B1BC /* Debug */,
				881E240D28E70BE800C0B1BC /* Release */,
			);
			defaultConfigurationIsVisible = 0;
			defaultConfigurationName = Release;
		};
/* End XCConfigurationList section */
	};
	rootObject = 881E23EF28E70BE700C0B1BC /* Project object */;
}
